// !$*UTF8*$!
{
	archiveVersion = 1;
	classes = {
	};
	objectVersion = 46;
	objects = {

/* Begin PBXBuildFile section */
		5CAAAFF51F27909300E16029 /* AppDelegate.swift in Sources */ = {isa = PBXBuildFile; fileRef = 5CAAAFF41F27909300E16029 /* AppDelegate.swift */; };
		5CAAAFF71F27909300E16029 /* ViewController.swift in Sources */ = {isa = PBXBuildFile; fileRef = 5CAAAFF61F27909300E16029 /* ViewController.swift */; };
		5CAAAFFA1F27909300E16029 /* Main.storyboard in Resources */ = {isa = PBXBuildFile; fileRef = 5CAAAFF81F27909300E16029 /* Main.storyboard */; };
		5CAAAFFC1F27909300E16029 /* Assets.xcassets in Resources */ = {isa = PBXBuildFile; fileRef = 5CAAAFFB1F27909300E16029 /* Assets.xcassets */; };
		5CAAAFFF1F27909300E16029 /* LaunchScreen.storyboard in Resources */ = {isa = PBXBuildFile; fileRef = 5CAAAFFD1F27909300E16029 /* LaunchScreen.storyboard */; };
		5CAAB0041F27909300E16029 /* AudioRecorder WatchKit App.app in Embed Watch Content */ = {isa = PBXBuildFile; fileRef = 5CAAB0031F27909300E16029 /* AudioRecorder WatchKit App.app */; };
		5CAAB00A1F27909300E16029 /* Interface.storyboard in Resources */ = {isa = PBXBuildFile; fileRef = 5CAAB0081F27909300E16029 /* Interface.storyboard */; };
		5CAAB00C1F27909300E16029 /* Assets.xcassets in Resources */ = {isa = PBXBuildFile; fileRef = 5CAAB00B1F27909300E16029 /* Assets.xcassets */; };
		5CAAB0131F27909300E16029 /* AudioRecorder WatchKit Extension.appex in Embed App Extensions */ = {isa = PBXBuildFile; fileRef = 5CAAB0121F27909300E16029 /* AudioRecorder WatchKit Extension.appex */; settings = {ATTRIBUTES = (RemoveHeadersOnCopy, ); }; };
		5CAAB01A1F27909300E16029 /* InterfaceController.swift in Sources */ = {isa = PBXBuildFile; fileRef = 5CAAB0191F27909300E16029 /* InterfaceController.swift */; };
		5CAAB01C1F27909300E16029 /* ExtensionDelegate.swift in Sources */ = {isa = PBXBuildFile; fileRef = 5CAAB01B1F27909300E16029 /* ExtensionDelegate.swift */; };
		5CAAB01E1F27909300E16029 /* NotificationController.swift in Sources */ = {isa = PBXBuildFile; fileRef = 5CAAB01D1F27909300E16029 /* NotificationController.swift */; };
		5CAAB0201F27909300E16029 /* Assets.xcassets in Resources */ = {isa = PBXBuildFile; fileRef = 5CAAB01F1F27909300E16029 /* Assets.xcassets */; };
		5CAAB0301F27ABC200E16029 /* AudioRecordingController.swift in Sources */ = {isa = PBXBuildFile; fileRef = 5CAAB02F1F27ABC200E16029 /* AudioRecordingController.swift */; };
/* End PBXBuildFile section */

/* Begin PBXContainerItemProxy section */
		5CAAB0051F27909300E16029 /* PBXContainerItemProxy */ = {
			isa = PBXContainerItemProxy;
			containerPortal = 5CAAAFE91F27909200E16029 /* Project object */;
			proxyType = 1;
			remoteGlobalIDString = 5CAAB0021F27909300E16029;
			remoteInfo = "AudioRecorder WatchKit App";
		};
		5CAAB0141F27909300E16029 /* PBXContainerItemProxy */ = {
			isa = PBXContainerItemProxy;
			containerPortal = 5CAAAFE91F27909200E16029 /* Project object */;
			proxyType = 1;
			remoteGlobalIDString = 5CAAB0111F27909300E16029;
			remoteInfo = "AudioRecorder WatchKit Extension";
		};
/* End PBXContainerItemProxy section */

/* Begin PBXCopyFilesBuildPhase section */
		5CAAB0271F27909300E16029 /* Embed App Extensions */ = {
			isa = PBXCopyFilesBuildPhase;
			buildActionMask = 2147483647;
			dstPath = "";
			dstSubfolderSpec = 13;
			files = (
				5CAAB0131F27909300E16029 /* AudioRecorder WatchKit Extension.appex in Embed App Extensions */,
			);
			name = "Embed App Extensions";
			runOnlyForDeploymentPostprocessing = 0;
		};
		5CAAB02B1F27909300E16029 /* Embed Watch Content */ = {
			isa = PBXCopyFilesBuildPhase;
			buildActionMask = 2147483647;
			dstPath = "$(CONTENTS_FOLDER_PATH)/Watch";
			dstSubfolderSpec = 16;
			files = (
				5CAAB0041F27909300E16029 /* AudioRecorder WatchKit App.app in Embed Watch Content */,
			);
			name = "Embed Watch Content";
			runOnlyForDeploymentPostprocessing = 0;
		};
/* End PBXCopyFilesBuildPhase section */

/* Begin PBXFileReference section */
		5CAAAFF11F27909300E16029 /* AudioRecorder.app */ = {isa = PBXFileReference; explicitFileType = wrapper.application; includeInIndex = 0; path = AudioRecorder.app; sourceTree = BUILT_PRODUCTS_DIR; };
		5CAAAFF41F27909300E16029 /* AppDelegate.swift */ = {isa = PBXFileReference; lastKnownFileType = sourcecode.swift; path = AppDelegate.swift; sourceTree = "<group>"; };
		5CAAAFF61F27909300E16029 /* ViewController.swift */ = {isa = PBXFileReference; lastKnownFileType = sourcecode.swift; path = ViewController.swift; sourceTree = "<group>"; };
		5CAAAFF91F27909300E16029 /* Base */ = {isa = PBXFileReference; lastKnownFileType = file.storyboard; name = Base; path = Base.lproj/Main.storyboard; sourceTree = "<group>"; };
		5CAAAFFB1F27909300E16029 /* Assets.xcassets */ = {isa = PBXFileReference; lastKnownFileType = folder.assetcatalog; path = Assets.xcassets; sourceTree = "<group>"; };
		5CAAAFFE1F27909300E16029 /* Base */ = {isa = PBXFileReference; lastKnownFileType = file.storyboard; name = Base; path = Base.lproj/LaunchScreen.storyboard; sourceTree = "<group>"; };
		5CAAB0001F27909300E16029 /* Info.plist */ = {isa = PBXFileReference; lastKnownFileType = text.plist.xml; path = Info.plist; sourceTree = "<group>"; };
		5CAAB0031F27909300E16029 /* AudioRecorder WatchKit App.app */ = {isa = PBXFileReference; explicitFileType = wrapper.application; includeInIndex = 0; path = "AudioRecorder WatchKit App.app"; sourceTree = BUILT_PRODUCTS_DIR; };
		5CAAB0091F27909300E16029 /* Base */ = {isa = PBXFileReference; lastKnownFileType = file.storyboard; name = Base; path = Base.lproj/Interface.storyboard; sourceTree = "<group>"; };
		5CAAB00B1F27909300E16029 /* Assets.xcassets */ = {isa = PBXFileReference; lastKnownFileType = folder.assetcatalog; path = Assets.xcassets; sourceTree = "<group>"; };
		5CAAB00D1F27909300E16029 /* Info.plist */ = {isa = PBXFileReference; lastKnownFileType = text.plist.xml; path = Info.plist; sourceTree = "<group>"; };
		5CAAB0121F27909300E16029 /* AudioRecorder WatchKit Extension.appex */ = {isa = PBXFileReference; explicitFileType = "wrapper.app-extension"; includeInIndex = 0; path = "AudioRecorder WatchKit Extension.appex"; sourceTree = BUILT_PRODUCTS_DIR; };
		5CAAB0181F27909300E16029 /* PushNotificationPayload.apns */ = {isa = PBXFileReference; lastKnownFileType = text; path = PushNotificationPayload.apns; sourceTree = "<group>"; };
		5CAAB0191F27909300E16029 /* InterfaceController.swift */ = {isa = PBXFileReference; lastKnownFileType = sourcecode.swift; path = InterfaceController.swift; sourceTree = "<group>"; };
		5CAAB01B1F27909300E16029 /* ExtensionDelegate.swift */ = {isa = PBXFileReference; lastKnownFileType = sourcecode.swift; path = ExtensionDelegate.swift; sourceTree = "<group>"; };
		5CAAB01D1F27909300E16029 /* NotificationController.swift */ = {isa = PBXFileReference; lastKnownFileType = sourcecode.swift; path = NotificationController.swift; sourceTree = "<group>"; };
		5CAAB01F1F27909300E16029 /* Assets.xcassets */ = {isa = PBXFileReference; lastKnownFileType = folder.assetcatalog; path = Assets.xcassets; sourceTree = "<group>"; };
		5CAAB0211F27909300E16029 /* Info.plist */ = {isa = PBXFileReference; lastKnownFileType = text.plist.xml; path = Info.plist; sourceTree = "<group>"; };
		5CAAB02F1F27ABC200E16029 /* AudioRecordingController.swift */ = {isa = PBXFileReference; fileEncoding = 4; lastKnownFileType = sourcecode.swift; path = AudioRecordingController.swift; sourceTree = "<group>"; };
/* End PBXFileReference section */

/* Begin PBXFrameworksBuildPhase section */
		5CAAAFEE1F27909200E16029 /* Frameworks */ = {
			isa = PBXFrameworksBuildPhase;
			buildActionMask = 2147483647;
			files = (
			);
			runOnlyForDeploymentPostprocessing = 0;
		};
		5CAAB00F1F27909300E16029 /* Frameworks */ = {
			isa = PBXFrameworksBuildPhase;
			buildActionMask = 2147483647;
			files = (
			);
			runOnlyForDeploymentPostprocessing = 0;
		};
/* End PBXFrameworksBuildPhase section */

/* Begin PBXGroup section */
		5CAAAFE81F27909200E16029 = {
			isa = PBXGroup;
			children = (
				5CAAAFF31F27909300E16029 /* AudioRecorder */,
				5CAAB0071F27909300E16029 /* AudioRecorder WatchKit App */,
				5CAAB0161F27909300E16029 /* AudioRecorder WatchKit Extension */,
				5CAAAFF21F27909300E16029 /* Products */,
			);
			sourceTree = "<group>";
		};
		5CAAAFF21F27909300E16029 /* Products */ = {
			isa = PBXGroup;
			children = (
				5CAAAFF11F27909300E16029 /* AudioRecorder.app */,
				5CAAB0031F27909300E16029 /* AudioRecorder WatchKit App.app */,
				5CAAB0121F27909300E16029 /* AudioRecorder WatchKit Extension.appex */,
			);
			name = Products;
			sourceTree = "<group>";
		};
		5CAAAFF31F27909300E16029 /* AudioRecorder */ = {
			isa = PBXGroup;
			children = (
				5CAAAFF41F27909300E16029 /* AppDelegate.swift */,
				5CAAAFF61F27909300E16029 /* ViewController.swift */,
				5CAAAFF81F27909300E16029 /* Main.storyboard */,
				5CAAAFFB1F27909300E16029 /* Assets.xcassets */,
				5CAAAFFD1F27909300E16029 /* LaunchScreen.storyboard */,
				5CAAB0001F27909300E16029 /* Info.plist */,
			);
			path = AudioRecorder;
			sourceTree = "<group>";
		};
		5CAAB0071F27909300E16029 /* AudioRecorder WatchKit App */ = {
			isa = PBXGroup;
			children = (
				5CAAB0081F27909300E16029 /* Interface.storyboard */,
				5CAAB00B1F27909300E16029 /* Assets.xcassets */,
				5CAAB00D1F27909300E16029 /* Info.plist */,
			);
			path = "AudioRecorder WatchKit App";
			sourceTree = "<group>";
		};
		5CAAB0161F27909300E16029 /* AudioRecorder WatchKit Extension */ = {
			isa = PBXGroup;
			children = (
				5CAAB0191F27909300E16029 /* InterfaceController.swift */,
				5CAAB01B1F27909300E16029 /* ExtensionDelegate.swift */,
				5CAAB01D1F27909300E16029 /* NotificationController.swift */,
				5CAAB02F1F27ABC200E16029 /* AudioRecordingController.swift */,
				5CAAB01F1F27909300E16029 /* Assets.xcassets */,
				5CAAB0211F27909300E16029 /* Info.plist */,
				5CAAB0171F27909300E16029 /* Supporting Files */,
			);
			path = "AudioRecorder WatchKit Extension";
			sourceTree = "<group>";
		};
		5CAAB0171F27909300E16029 /* Supporting Files */ = {
			isa = PBXGroup;
			children = (
				5CAAB0181F27909300E16029 /* PushNotificationPayload.apns */,
			);
			name = "Supporting Files";
			sourceTree = "<group>";
		};
/* End PBXGroup section */

/* Begin PBXNativeTarget section */
		5CAAAFF01F27909200E16029 /* AudioRecorder */ = {
			isa = PBXNativeTarget;
			buildConfigurationList = 5CAAB02C1F27909300E16029 /* Build configuration list for PBXNativeTarget "AudioRecorder" */;
			buildPhases = (
				5CAAAFED1F27909200E16029 /* Sources */,
				5CAAAFEE1F27909200E16029 /* Frameworks */,
				5CAAAFEF1F27909200E16029 /* Resources */,
				5CAAB02B1F27909300E16029 /* Embed Watch Content */,
			);
			buildRules = (
			);
			dependencies = (
				5CAAB0061F27909300E16029 /* PBXTargetDependency */,
			);
			name = AudioRecorder;
			productName = AudioRecorder;
			productReference = 5CAAAFF11F27909300E16029 /* AudioRecorder.app */;
			productType = "com.apple.product-type.application";
		};
		5CAAB0021F27909300E16029 /* AudioRecorder WatchKit App */ = {
			isa = PBXNativeTarget;
			buildConfigurationList = 5CAAB0281F27909300E16029 /* Build configuration list for PBXNativeTarget "AudioRecorder WatchKit App" */;
			buildPhases = (
				5CAAB0011F27909300E16029 /* Resources */,
				5CAAB0271F27909300E16029 /* Embed App Extensions */,
			);
			buildRules = (
			);
			dependencies = (
				5CAAB0151F27909300E16029 /* PBXTargetDependency */,
			);
			name = "AudioRecorder WatchKit App";
			productName = "AudioRecorder WatchKit App";
			productReference = 5CAAB0031F27909300E16029 /* AudioRecorder WatchKit App.app */;
			productType = "com.apple.product-type.application.watchapp2";
		};
		5CAAB0111F27909300E16029 /* AudioRecorder WatchKit Extension */ = {
			isa = PBXNativeTarget;
			buildConfigurationList = 5CAAB0241F27909300E16029 /* Build configuration list for PBXNativeTarget "AudioRecorder WatchKit Extension" */;
			buildPhases = (
				5CAAB00E1F27909300E16029 /* Sources */,
				5CAAB00F1F27909300E16029 /* Frameworks */,
				5CAAB0101F27909300E16029 /* Resources */,
			);
			buildRules = (
			);
			dependencies = (
			);
			name = "AudioRecorder WatchKit Extension";
			productName = "AudioRecorder WatchKit Extension";
			productReference = 5CAAB0121F27909300E16029 /* AudioRecorder WatchKit Extension.appex */;
			productType = "com.apple.product-type.watchkit2-extension";
		};
/* End PBXNativeTarget section */

/* Begin PBXProject section */
		5CAAAFE91F27909200E16029 /* Project object */ = {
			isa = PBXProject;
			attributes = {
				LastSwiftUpdateCheck = 0820;
				LastUpgradeCheck = 0820;
				ORGANIZATIONNAME = "Salman Qureshi";
				TargetAttributes = {
					5CAAAFF01F27909200E16029 = {
						CreatedOnToolsVersion = 8.2.1;
						ProvisioningStyle = Automatic;
					};
					5CAAB0021F27909300E16029 = {
						CreatedOnToolsVersion = 8.2.1;
						ProvisioningStyle = Automatic;
					};
					5CAAB0111F27909300E16029 = {
						CreatedOnToolsVersion = 8.2.1;
						ProvisioningStyle = Automatic;
					};
				};
			};
			buildConfigurationList = 5CAAAFEC1F27909200E16029 /* Build configuration list for PBXProject "AudioRecorder" */;
			compatibilityVersion = "Xcode 3.2";
			developmentRegion = English;
			hasScannedForEncodings = 0;
			knownRegions = (
				en,
				Base,
			);
			mainGroup = 5CAAAFE81F27909200E16029;
			productRefGroup = 5CAAAFF21F27909300E16029 /* Products */;
			projectDirPath = "";
			projectRoot = "";
			targets = (
				5CAAAFF01F27909200E16029 /* AudioRecorder */,
				5CAAB0021F27909300E16029 /* AudioRecorder WatchKit App */,
				5CAAB0111F27909300E16029 /* AudioRecorder WatchKit Extension */,
			);
		};
/* End PBXProject section */

/* Begin PBXResourcesBuildPhase section */
		5CAAAFEF1F27909200E16029 /* Resources */ = {
			isa = PBXResourcesBuildPhase;
			buildActionMask = 2147483647;
			files = (
				5CAAAFFF1F27909300E16029 /* LaunchScreen.storyboard in Resources */,
				5CAAAFFC1F27909300E16029 /* Assets.xcassets in Resources */,
				5CAAAFFA1F27909300E16029 /* Main.storyboard in Resources */,
			);
			runOnlyForDeploymentPostprocessing = 0;
		};
		5CAAB0011F27909300E16029 /* Resources */ = {
			isa = PBXResourcesBuildPhase;
			buildActionMask = 2147483647;
			files = (
				5CAAB00C1F27909300E16029 /* Assets.xcassets in Resources */,
				5CAAB00A1F27909300E16029 /* Interface.storyboard in Resources */,
			);
			runOnlyForDeploymentPostprocessing = 0;
		};
		5CAAB0101F27909300E16029 /* Resources */ = {
			isa = PBXResourcesBuildPhase;
			buildActionMask = 2147483647;
			files = (
				5CAAB0201F27909300E16029 /* Assets.xcassets in Resources */,
			);
			runOnlyForDeploymentPostprocessing = 0;
		};
/* End PBXResourcesBuildPhase section */

/* Begin PBXSourcesBuildPhase section */
		5CAAAFED1F27909200E16029 /* Sources */ = {
			isa = PBXSourcesBuildPhase;
			buildActionMask = 2147483647;
			files = (
				5CAAAFF71F27909300E16029 /* ViewController.swift in Sources */,
				5CAAAFF51F27909300E16029 /* AppDelegate.swift in Sources */,
			);
			runOnlyForDeploymentPostprocessing = 0;
		};
		5CAAB00E1F27909300E16029 /* Sources */ = {
			isa = PBXSourcesBuildPhase;
			buildActionMask = 2147483647;
			files = (
				5CAAB0301F27ABC200E16029 /* AudioRecordingController.swift in Sources */,
				5CAAB01E1F27909300E16029 /* NotificationController.swift in Sources */,
				5CAAB01C1F27909300E16029 /* ExtensionDelegate.swift in Sources */,
				5CAAB01A1F27909300E16029 /* InterfaceController.swift in Sources */,
			);
			runOnlyForDeploymentPostprocessing = 0;
		};
/* End PBXSourcesBuildPhase section */

/* Begin PBXTargetDependency section */
		5CAAB0061F27909300E16029 /* PBXTargetDependency */ = {
			isa = PBXTargetDependency;
			target = 5CAAB0021F27909300E16029 /* AudioRecorder WatchKit App */;
			targetProxy = 5CAAB0051F27909300E16029 /* PBXContainerItemProxy */;
		};
		5CAAB0151F27909300E16029 /* PBXTargetDependency */ = {
			isa = PBXTargetDependency;
			target = 5CAAB0111F27909300E16029 /* AudioRecorder WatchKit Extension */;
			targetProxy = 5CAAB0141F27909300E16029 /* PBXContainerItemProxy */;
		};
/* End PBXTargetDependency section */

/* Begin PBXVariantGroup section */
		5CAAAFF81F27909300E16029 /* Main.storyboard */ = {
			isa = PBXVariantGroup;
			children = (
				5CAAAFF91F27909300E16029 /* Base */,
			);
			name = Main.storyboard;
			sourceTree = "<group>";
		};
		5CAAAFFD1F27909300E16029 /* LaunchScreen.storyboard */ = {
			isa = PBXVariantGroup;
			children = (
				5CAAAFFE1F27909300E16029 /* Base */,
			);
			name = LaunchScreen.storyboard;
			sourceTree = "<group>";
		};
		5CAAB0081F27909300E16029 /* Interface.storyboard */ = {
			isa = PBXVariantGroup;
			children = (
				5CAAB0091F27909300E16029 /* Base */,
			);
			name = Interface.storyboard;
			sourceTree = "<group>";
		};
/* End PBXVariantGroup section */

/* Begin XCBuildConfiguration section */
		5CAAB0221F27909300E16029 /* Debug */ = {
			isa = XCBuildConfiguration;
			buildSettings = {
				ALWAYS_SEARCH_USER_PATHS = NO;
				CLANG_ANALYZER_NONNULL = YES;
				CLANG_CXX_LANGUAGE_STANDARD = "gnu++0x";
				CLANG_CXX_LIBRARY = "libc++";
				CLANG_ENABLE_MODULES = YES;
				CLANG_ENABLE_OBJC_ARC = YES;
				CLANG_WARN_BOOL_CONVERSION = YES;
				CLANG_WARN_CONSTANT_CONVERSION = YES;
				CLANG_WARN_DIRECT_OBJC_ISA_USAGE = YES_ERROR;
				CLANG_WARN_DOCUMENTATION_COMMENTS = YES;
				CLANG_WARN_EMPTY_BODY = YES;
				CLANG_WARN_ENUM_CONVERSION = YES;
				CLANG_WARN_INFINITE_RECURSION = YES;
				CLANG_WARN_INT_CONVERSION = YES;
				CLANG_WARN_OBJC_ROOT_CLASS = YES_ERROR;
				CLANG_WARN_SUSPICIOUS_MOVE = YES;
				CLANG_WARN_UNREACHABLE_CODE = YES;
				CLANG_WARN__DUPLICATE_METHOD_MATCH = YES;
				"CODE_SIGN_IDENTITY[sdk=iphoneos*]" = "iPhone Developer";
				COPY_PHASE_STRIP = NO;
				DEBUG_INFORMATION_FORMAT = dwarf;
				ENABLE_STRICT_OBJC_MSGSEND = YES;
				ENABLE_TESTABILITY = YES;
				GCC_C_LANGUAGE_STANDARD = gnu99;
				GCC_DYNAMIC_NO_PIC = NO;
				GCC_NO_COMMON_BLOCKS = YES;
				GCC_OPTIMIZATION_LEVEL = 0;
				GCC_PREPROCESSOR_DEFINITIONS = (
					"DEBUG=1",
					"$(inherited)",
				);
				GCC_WARN_64_TO_32_BIT_CONVERSION = YES;
				GCC_WARN_ABOUT_RETURN_TYPE = YES_ERROR;
				GCC_WARN_UNDECLARED_SELECTOR = YES;
				GCC_WARN_UNINITIALIZED_AUTOS = YES_AGGRESSIVE;
				GCC_WARN_UNUSED_FUNCTION = YES;
				GCC_WARN_UNUSED_VARIABLE = YES;
				IPHONEOS_DEPLOYMENT_TARGET = 10.2;
				MTL_ENABLE_DEBUG_INFO = YES;
				ONLY_ACTIVE_ARCH = YES;
				SDKROOT = iphoneos;
				SWIFT_ACTIVE_COMPILATION_CONDITIONS = DEBUG;
				SWIFT_OPTIMIZATION_LEVEL = "-Onone";
				TARGETED_DEVICE_FAMILY = "1,2";
			};
			name = Debug;
		};
		5CAAB0231F27909300E16029 /* Release */ = {
			isa = XCBuildConfiguration;
			buildSettings = {
				ALWAYS_SEARCH_USER_PATHS = NO;
				CLANG_ANALYZER_NONNULL = YES;
				CLANG_CXX_LANGUAGE_STANDARD = "gnu++0x";
				CLANG_CXX_LIBRARY = "libc++";
				CLANG_ENABLE_MODULES = YES;
				CLANG_ENABLE_OBJC_ARC = YES;
				CLANG_WARN_BOOL_CONVERSION = YES;
				CLANG_WARN_CONSTANT_CONVERSION = YES;
				CLANG_WARN_DIRECT_OBJC_ISA_USAGE = YES_ERROR;
				CLANG_WARN_DOCUMENTATION_COMMENTS = YES;
				CLANG_WARN_EMPTY_BODY = YES;
				CLANG_WARN_ENUM_CONVERSION = YES;
				CLANG_WARN_INFINITE_RECURSION = YES;
				CLANG_WARN_INT_CONVERSION = YES;
				CLANG_WARN_OBJC_ROOT_CLASS = YES_ERROR;
				CLANG_WARN_SUSPICIOUS_MOVE = YES;
				CLANG_WARN_UNREACHABLE_CODE = YES;
				CLANG_WARN__DUPLICATE_METHOD_MATCH = YES;
				"CODE_SIGN_IDENTITY[sdk=iphoneos*]" = "iPhone Developer";
				COPY_PHASE_STRIP = NO;
				DEBUG_INFORMATION_FORMAT = "dwarf-with-dsym";
				ENABLE_NS_ASSERTIONS = NO;
				ENABLE_STRICT_OBJC_MSGSEND = YES;
				GCC_C_LANGUAGE_STANDARD = gnu99;
				GCC_NO_COMMON_BLOCKS = YES;
				GCC_WARN_64_TO_32_BIT_CONVERSION = YES;
				GCC_WARN_ABOUT_RETURN_TYPE = YES_ERROR;
				GCC_WARN_UNDECLARED_SELECTOR = YES;
				GCC_WARN_UNINITIALIZED_AUTOS = YES_AGGRESSIVE;
				GCC_WARN_UNUSED_FUNCTION = YES;
				GCC_WARN_UNUSED_VARIABLE = YES;
				IPHONEOS_DEPLOYMENT_TARGET = 10.2;
				MTL_ENABLE_DEBUG_INFO = NO;
				SDKROOT = iphoneos;
				SWIFT_OPTIMIZATION_LEVEL = "-Owholemodule";
				TARGETED_DEVICE_FAMILY = "1,2";
				VALIDATE_PRODUCT = YES;
			};
			name = Release;
		};
		5CAAB0251F27909300E16029 /* Debug */ = {
			isa = XCBuildConfiguration;
			buildSettings = {
				ASSETCATALOG_COMPILER_COMPLICATION_NAME = Complication;
				INFOPLIST_FILE = "AudioRecorder WatchKit Extension/Info.plist";
				LD_RUNPATH_SEARCH_PATHS = "$(inherited) @executable_path/Frameworks @executable_path/../../Frameworks";
				PRODUCT_BUNDLE_IDENTIFIER = in.iSalmanLab.AudioRecorder.watchkitapp.watchkitextension;
				PRODUCT_NAME = "${TARGET_NAME}";
				SDKROOT = watchos;
				SKIP_INSTALL = YES;
				SWIFT_VERSION = 3.0;
				TARGETED_DEVICE_FAMILY = 4;
				WATCHOS_DEPLOYMENT_TARGET = 3.1;
			};
			name = Debug;
		};
		5CAAB0261F27909300E16029 /* Release */ = {
			isa = XCBuildConfiguration;
			buildSettings = {
				ASSETCATALOG_COMPILER_COMPLICATION_NAME = Complication;
				INFOPLIST_FILE = "AudioRecorder WatchKit Extension/Info.plist";
				LD_RUNPATH_SEARCH_PATHS = "$(inherited) @executable_path/Frameworks @executable_path/../../Frameworks";
				PRODUCT_BUNDLE_IDENTIFIER = in.iSalmanLab.AudioRecorder.watchkitapp.watchkitextension;
				PRODUCT_NAME = "${TARGET_NAME}";
				SDKROOT = watchos;
				SKIP_INSTALL = YES;
				SWIFT_VERSION = 3.0;
				TARGETED_DEVICE_FAMILY = 4;
				WATCHOS_DEPLOYMENT_TARGET = 3.1;
			};
			name = Release;
		};
		5CAAB0291F27909300E16029 /* Debug */ = {
			isa = XCBuildConfiguration;
			buildSettings = {
				ALWAYS_EMBED_SWIFT_STANDARD_LIBRARIES = YES;
				ASSETCATALOG_COMPILER_APPICON_NAME = AppIcon;
				IBSC_MODULE = AudioRecorder_WatchKit_Extension;
				INFOPLIST_FILE = "AudioRecorder WatchKit App/Info.plist";
				PRODUCT_BUNDLE_IDENTIFIER = in.iSalmanLab.AudioRecorder.watchkitapp;
				PRODUCT_NAME = "$(TARGET_NAME)";
				SDKROOT = watchos;
				SKIP_INSTALL = YES;
				SWIFT_VERSION = 3.0;
				TARGETED_DEVICE_FAMILY = 4;
				WATCHOS_DEPLOYMENT_TARGET = 3.0;
			};
			name = Debug;
		};
		5CAAB02A1F27909300E16029 /* Release */ = {
			isa = XCBuildConfiguration;
			buildSettings = {
				ALWAYS_EMBED_SWIFT_STANDARD_LIBRARIES = YES;
				ASSETCATALOG_COMPILER_APPICON_NAME = AppIcon;
				IBSC_MODULE = AudioRecorder_WatchKit_Extension;
				INFOPLIST_FILE = "AudioRecorder WatchKit App/Info.plist";
				PRODUCT_BUNDLE_IDENTIFIER = in.iSalmanLab.AudioRecorder.watchkitapp;
				PRODUCT_NAME = "$(TARGET_NAME)";
				SDKROOT = watchos;
				SKIP_INSTALL = YES;
				SWIFT_VERSION = 3.0;
				TARGETED_DEVICE_FAMILY = 4;
				WATCHOS_DEPLOYMENT_TARGET = 3.0;
			};
			name = Release;
		};
		5CAAB02D1F27909300E16029 /* Debug */ = {
			isa = XCBuildConfiguration;
			buildSettings = {
				ASSETCATALOG_COMPILER_APPICON_NAME = AppIcon;
				INFOPLIST_FILE = AudioRecorder/Info.plist;
				IPHONEOS_DEPLOYMENT_TARGET = 10.0;
				LD_RUNPATH_SEARCH_PATHS = "$(inherited) @executable_path/Frameworks";
				PRODUCT_BUNDLE_IDENTIFIER = in.iSalmanLab.AudioRecorder;
				PRODUCT_NAME = "$(TARGET_NAME)";
				SWIFT_VERSION = 3.0;
			};
			name = Debug;
		};
		5CAAB02E1F27909300E16029 /* Release */ = {
			isa = XCBuildConfiguration;
			buildSettings = {
				ASSETCATALOG_COMPILER_APPICON_NAME = AppIcon;
				INFOPLIST_FILE = AudioRecorder/Info.plist;
				IPHONEOS_DEPLOYMENT_TARGET = 10.0;
				LD_RUNPATH_SEARCH_PATHS = "$(inherited) @executable_path/Frameworks";
				PRODUCT_BUNDLE_IDENTIFIER = in.iSalmanLab.AudioRecorder;
				PRODUCT_NAME = "$(TARGET_NAME)";
				SWIFT_VERSION = 3.0;
			};
			name = Release;
		};
/* End XCBuildConfiguration section */

/* Begin XCConfigurationList section */
		5CAAAFEC1F27909200E16029 /* Build configuration list for PBXProject "AudioRecorder" */ = {
			isa = XCConfigurationList;
			buildConfigurations = (
				5CAAB0221F27909300E16029 /* Debug */,
				5CAAB0231F27909300E16029 /* Release */,
			);
			defaultConfigurationIsVisible = 0;
			defaultConfigurationName = Release;
		};
		5CAAB0241F27909300E16029 /* Build configuration list for PBXNativeTarget "AudioRecorder WatchKit Extension" */ = {
			isa = XCConfigurationList;
			buildConfigurations = (
				5CAAB0251F27909300E16029 /* Debug */,
				5CAAB0261F27909300E16029 /* Release */,
			);
			defaultConfigurationIsVisible = 0;
		};
		5CAAB0281F27909300E16029 /* Build configuration list for PBXNativeTarget "AudioRecorder WatchKit App" */ = {
			isa = XCConfigurationList;
			buildConfigurations = (
				5CAAB0291F27909300E16029 /* Debug */,
				5CAAB02A1F27909300E16029 /* Release */,
			);
			defaultConfigurationIsVisible = 0;
		};
		5CAAB02C1F27909300E16029 /* Build configuration list for PBXNativeTarget "AudioRecorder" */ = {
			isa = XCConfigurationList;
			buildConfigurations = (
				5CAAB02D1F27909300E16029 /* Debug */,
				5CAAB02E1F27909300E16029 /* Release */,
			);
			defaultConfigurationIsVisible = 0;
		};
/* End XCConfigurationList section */
	};
	rootObject = 5CAAAFE91F27909200E16029 /* Project object */;
}
